
Microsoft Visual Studio Solution File, Format Version 12.00
# Visual Studio Version 16
VisualStudioVersion = 16.0.30225.117
MinimumVisualStudioVersion = 10.0.40219.1
Project("{8BC9CEB8-8B4A-11D0-8D11-00A0C91BC942}") = "Starter", "Entrance\Starter\Starter.vcxproj", "{73C421F8-0895-4FA3-9141-C672AFCBC03B}"
EndProject
Project("{2150E333-8FDC-42A3-9474-1A3956D46DE8}") = "Entrance", "Entrance", "{C8ABC4C2-674F-4371-8D27-526AEBA8CB39}"
EndProject
Project("{2150E333-8FDC-42A3-9474-1A3956D46DE8}") = "LeetCode", "LeetCode", "{CD3DE1AF-F598-47B7-9242-08E67AC78A3D}"
EndProject
Project("{2150E333-8FDC-42A3-9474-1A3956D46DE8}") = "ProjectEuler", "ProjectEuler", "{43BCEA0C-B6D0-4432-ACE0-45048764EE53}"
EndProject
Project("{2150E333-8FDC-42A3-9474-1A3956D46DE8}") = "Utilities", "Utilities", "{CC5D82E1-3661-4054-BB3B-BABA0D25D609}"
EndProject
Project("{8BC9CEB8-8B4A-11D0-8D11-00A0C91BC942}") = "Problems01_10", "LeetCode\Problems01_10\Problems01_10.vcxproj", "{CD98C438-2F09-498F-B02B-F29592BB98A2}"
EndProject
Global
	GlobalSection(SolutionConfigurationPlatforms) = preSolution
		Debug|ARM = Debug|ARM
		Debug|ARM64 = Debug|ARM64
		Debug|x64 = Debug|x64
		Debug|x86 = Debug|x86
		Release|ARM = Release|ARM
		Release|ARM64 = Release|ARM64
		Release|x64 = Release|x64
		Release|x86 = Release|x86
	EndGlobalSection
	GlobalSection(ProjectConfigurationPlatforms) = postSolution
		{73C421F8-0895-4FA3-9141-C672AFCBC03B}.Debug|ARM.ActiveCfg = Debug|Win32
		{73C421F8-0895-4FA3-9141-C672AFCBC03B}.Debug|ARM64.ActiveCfg = Debug|Win32
		{73C421F8-0895-4FA3-9141-C672AFCBC03B}.Debug|x64.ActiveCfg = Debug|x64
		{73C421F8-0895-4FA3-9141-C672AFCBC03B}.Debug|x64.Build.0 = Debug|x64
		{73C421F8-0895-4FA3-9141-C672AFCBC03B}.Debug|x86.ActiveCfg = Debug|Win32
		{73C421F8-0895-4FA3-9141-C672AFCBC03B}.Debug|x86.Build.0 = Debug|Win32
		{73C421F8-0895-4FA3-9141-C672AFCBC03B}.Release|ARM.ActiveCfg = Release|Win32
		{73C421F8-0895-4FA3-9141-C672AFCBC03B}.Release|ARM64.ActiveCfg = Release|Win32
		{73C421F8-0895-4FA3-9141-C672AFCBC03B}.Release|x64.ActiveCfg = Release|x64
		{73C421F8-0895-4FA3-9141-C672AFCBC03B}.Release|x64.Build.0 = Release|x64
		{73C421F8-0895-4FA3-9141-C672AFCBC03B}.Release|x86.ActiveCfg = Release|Win32
		{73C421F8-0895-4FA3-9141-C672AFCBC03B}.Release|x86.Build.0 = Release|Win32
		{CD98C438-2F09-498F-B02B-F29592BB98A2}.Debug|ARM.ActiveCfg = Debug|Win32
		{CD98C438-2F09-498F-B02B-F29592BB98A2}.Debug|ARM64.ActiveCfg = Debug|Win32
		{CD98C438-2F09-498F-B02B-F29592BB98A2}.Debug|x64.ActiveCfg = Debug|x64
		{CD98C438-2F09-498F-B02B-F29592BB98A2}.Debug|x64.Build.0 = Debug|x64
		{CD98C438-2F09-498F-B02B-F29592BB98A2}.Debug|x86.ActiveCfg = Debug|Win32
		{CD98C438-2F09-498F-B02B-F29592BB98A2}.Debug|x86.Build.0 = Debug|Win32
		{CD98C438-2F09-498F-B02B-F29592BB98A2}.Release|ARM.ActiveCfg = Release|Win32
		{CD98C438-2F09-498F-B02B-F29592BB98A2}.Release|ARM64.ActiveCfg = Release|Win32
		{CD98C438-2F09-498F-B02B-F29592BB98A2}.Release|x64.ActiveCfg = Release|x64
		{CD98C438-2F09-498F-B02B-F29592BB98A2}.Release|x64.Build.0 = Release|x64
		{CD98C438-2F09-498F-B02B-F29592BB98A2}.Release|x86.ActiveCfg = Release|Win32
		{CD98C438-2F09-498F-B02B-F29592BB98A2}.Release|x86.Build.0 = Release|Win32
	EndGlobalSection
	GlobalSection(SolutionProperties) = preSolution
		HideSolutionNode = FALSE
	EndGlobalSection
	GlobalSection(NestedProjects) = preSolution
		{73C421F8-0895-4FA3-9141-C672AFCBC03B} = {C8ABC4C2-674F-4371-8D27-526AEBA8CB39}
		{CD98C438-2F09-498F-B02B-F29592BB98A2} = {CD3DE1AF-F598-47B7-9242-08E67AC78A3D}
	EndGlobalSection
	GlobalSection(ExtensibilityGlobals) = postSolution
		SolutionGuid = {26F90C41-FBA1-4465-9E5C-E13B6917C491}
	EndGlobalSection
EndGlobal
